
Microsoft Visual Studio Solution File, Format Version 12.00
# Visual Studio 15
VisualStudioVersion = 15.0.28307.539
MinimumVisualStudioVersion = 10.0.40219.1
Project("{FAE04EC0-301F-11D3-BF4B-00C04F79EFBC}") = "ConsoleApplication2", "ConsoleApplication2\ConsoleApplication2.csproj", "{3A00622F-B6BA-4CF3-B173-7679B1ADDB78}"
EndProject
Project("{FAE04EC0-301F-11D3-BF4B-00C04F79EFBC}") = "ConsoleApp1", "ConsoleApp1\ConsoleApp1.csproj", "{2DD87B87-1A16-4559-A2E9-292FBFC2A5C5}"
EndProject
Global
	GlobalSection(SolutionConfigurationPlatforms) = preSolution
		Debug|Any CPU = Debug|Any CPU
		Release|Any CPU = Release|Any CPU
	EndGlobalSection
	GlobalSection(ProjectConfigurationPlatforms) = postSolution
		{3A00622F-B6BA-4CF3-B173-7679B1ADDB78}.Debug|Any CPU.ActiveCfg = Debug|Any CPU
		{3A00622F-B6BA-4CF3-B173-7679B1ADDB78}.Debug|Any CPU.Build.0 = Debug|Any CPU
		{3A00622F-B6BA-4CF3-B173-7679B1ADDB78}.Release|Any CPU.ActiveCfg = Release|Any CPU
		{3A00622F-B6BA-4CF3-B173-7679B1ADDB78}.Release|Any CPU.Build.0 = Release|Any CPU
		{2DD87B87-1A16-4559-A2E9-292FBFC2A5C5}.Debug|Any CPU.ActiveCfg = Debug|Any CPU
		{2DD87B87-1A16-4559-A2E9-292FBFC2A5C5}.Debug|Any CPU.Build.0 = Debug|Any CPU
		{2DD87B87-1A16-4559-A2E9-292FBFC2A5C5}.Release|Any CPU.ActiveCfg = Release|Any CPU
		{2DD87B87-1A16-4559-A2E9-292FBFC2A5C5}.Release|Any CPU.Build.0 = Release|Any CPU
	EndGlobalSection
	GlobalSection(SolutionProperties) = preSolution
		HideSolutionNode = FALSE
	EndGlobalSection
	GlobalSection(ExtensibilityGlobals) = postSolution
		SolutionGuid = {294AA059-7560-444C-B542-B29D51D0102C}
	EndGlobalSection
EndGlobal
